{
  "object": {
    "pins": [
      {
        "package": "Reg",
        "repositoryURL": "https://github.com/yhkaplan/Reg.git",
        "state": {
          "branch": null,
          "revision": "c8f1f51bc088708b3b3ecf04523b5bedd6914222",
          "version": "0.3.0"
        }
      },
      {
        "package": "Sukar",
        "repositoryURL": "https://github.com/yhkaplan/Sukar.git",
        "state": {
          "branch": null,
          "revision": "ce0d8cad4df8a5050be8c1ad3e42378eb3b80950",
          "version": "0.1.0"
        }
      }
    ]
  },
  "version": 1
}
