{
  "object": {
    "pins": [
      {
        "package": "Reg",
        "repositoryURL": "https://github.com/yhkaplan/Reg.git",
        "state": {
          "branch": null,
          "revision": "ebc2e80beaaef4fc3e1d7fa21bd55ea3527ef7c2",
          "version": "0.2.5"
        }
      }
    ]
  },
  "version": 1
}
